
Microsoft Visual Studio Solution File, Format Version 12.00
# Visual Studio Version 17
VisualStudioVersion = 17.11.35208.52
MinimumVisualStudioVersion = 10.0.40219.1
Project("{F184B08F-C81C-45F6-A57F-5ABD9991F28F}") = "BetterCalculator", "BetterCalculator\BetterCalculator.vbproj", "{F63BF38F-8EB2-4EE8-ADC6-526C275456E2}"
EndProject
Global
	GlobalSection(SolutionConfigurationPlatforms) = preSolution
		Debug|Any CPU = Debug|Any CPU
		Release|Any CPU = Release|Any CPU
	EndGlobalSection
	GlobalSection(ProjectConfigurationPlatforms) = postSolution
		{F63BF38F-8EB2-4EE8-ADC6-526C275456E2}.Debug|Any CPU.ActiveCfg = Debug|Any CPU
		{F63BF38F-8EB2-4EE8-ADC6-526C275456E2}.Debug|Any CPU.Build.0 = Debug|Any CPU
		{F63BF38F-8EB2-4EE8-ADC6-526C275456E2}.Release|Any CPU.ActiveCfg = Release|Any CPU
		{F63BF38F-8EB2-4EE8-ADC6-526C275456E2}.Release|Any CPU.Build.0 = Release|Any CPU
	EndGlobalSection
	GlobalSection(SolutionProperties) = preSolution
		HideSolutionNode = FALSE
	EndGlobalSection
	GlobalSection(ExtensibilityGlobals) = postSolution
		SolutionGuid = {1A543CFB-1389-4EA9-9BE8-ED9E302EEED8}
	EndGlobalSection
EndGlobal
